
Microsoft Visual Studio Solution File, Format Version 12.00
# Visual Studio Version 16
VisualStudioVersion = 16.0.30804.86
MinimumVisualStudioVersion = 10.0.40219.1
Project("{9A19103F-16F7-4668-BE54-9A1E7A4F7556}") = "WebAPI", "dotnetWebAPI\WebAPI.csproj", "{4032A375-F001-4878-A3F4-7C8ACE4BB1F3}"
EndProject
Project("{9A19103F-16F7-4668-BE54-9A1E7A4F7556}") = "Domain", "Domain\Domain.csproj", "{6062401F-FB73-4B45-B817-59C688323A1C}"
EndProject
Project("{9A19103F-16F7-4668-BE54-9A1E7A4F7556}") = "Persistence", "Data\Persistence.csproj", "{40149DD8-0258-46BA-8C86-65F1C75AC363}"
EndProject
Project("{2150E333-8FDC-42A3-9474-1A3956D46DE8}") = "Src", "Src", "{97385C39-541B-451A-8B9C-D41FEDC07CE5}"
EndProject
Project("{2150E333-8FDC-42A3-9474-1A3956D46DE8}") = "Tests", "Tests", "{3BF66AB1-FB33-4963-8126-402BC72D4F97}"
EndProject
Project("{2150E333-8FDC-42A3-9474-1A3956D46DE8}") = "Core", "Core", "{A4A217C4-178C-4817-A723-C65933168AC6}"
EndProject
Project("{2150E333-8FDC-42A3-9474-1A3956D46DE8}") = "Infrastructure", "Infrastructure", "{CE44674F-CB2B-4848-B8EC-CED8D3EB5E83}"
EndProject
Project("{2150E333-8FDC-42A3-9474-1A3956D46DE8}") = "Presentation", "Presentation", "{690103F4-7922-4CBB-BF02-86122941F77B}"
EndProject
Project("{FAE04EC0-301F-11D3-BF4B-00C04F79EFBC}") = "Application", "Application\Application.csproj", "{BBABEEFD-6F05-4C2C-8252-EC0398A0673A}"
EndProject
Global
	GlobalSection(SolutionConfigurationPlatforms) = preSolution
		Debug|Any CPU = Debug|Any CPU
		Release|Any CPU = Release|Any CPU
	EndGlobalSection
	GlobalSection(ProjectConfigurationPlatforms) = postSolution
		{4032A375-F001-4878-A3F4-7C8ACE4BB1F3}.Debug|Any CPU.ActiveCfg = Debug|Any CPU
		{4032A375-F001-4878-A3F4-7C8ACE4BB1F3}.Debug|Any CPU.Build.0 = Debug|Any CPU
		{4032A375-F001-4878-A3F4-7C8ACE4BB1F3}.Release|Any CPU.ActiveCfg = Release|Any CPU
		{4032A375-F001-4878-A3F4-7C8ACE4BB1F3}.Release|Any CPU.Build.0 = Release|Any CPU
		{6062401F-FB73-4B45-B817-59C688323A1C}.Debug|Any CPU.ActiveCfg = Debug|Any CPU
		{6062401F-FB73-4B45-B817-59C688323A1C}.Debug|Any CPU.Build.0 = Debug|Any CPU
		{6062401F-FB73-4B45-B817-59C688323A1C}.Release|Any CPU.ActiveCfg = Release|Any CPU
		{6062401F-FB73-4B45-B817-59C688323A1C}.Release|Any CPU.Build.0 = Release|Any CPU
		{40149DD8-0258-46BA-8C86-65F1C75AC363}.Debug|Any CPU.ActiveCfg = Debug|Any CPU
		{40149DD8-0258-46BA-8C86-65F1C75AC363}.Debug|Any CPU.Build.0 = Debug|Any CPU
		{40149DD8-0258-46BA-8C86-65F1C75AC363}.Release|Any CPU.ActiveCfg = Release|Any CPU
		{40149DD8-0258-46BA-8C86-65F1C75AC363}.Release|Any CPU.Build.0 = Release|Any CPU
		{BBABEEFD-6F05-4C2C-8252-EC0398A0673A}.Debug|Any CPU.ActiveCfg = Debug|Any CPU
		{BBABEEFD-6F05-4C2C-8252-EC0398A0673A}.Debug|Any CPU.Build.0 = Debug|Any CPU
		{BBABEEFD-6F05-4C2C-8252-EC0398A0673A}.Release|Any CPU.ActiveCfg = Release|Any CPU
		{BBABEEFD-6F05-4C2C-8252-EC0398A0673A}.Release|Any CPU.Build.0 = Release|Any CPU
	EndGlobalSection
	GlobalSection(SolutionProperties) = preSolution
		HideSolutionNode = FALSE
	EndGlobalSection
	GlobalSection(NestedProjects) = preSolution
		{4032A375-F001-4878-A3F4-7C8ACE4BB1F3} = {690103F4-7922-4CBB-BF02-86122941F77B}
		{6062401F-FB73-4B45-B817-59C688323A1C} = {A4A217C4-178C-4817-A723-C65933168AC6}
		{40149DD8-0258-46BA-8C86-65F1C75AC363} = {CE44674F-CB2B-4848-B8EC-CED8D3EB5E83}
		{A4A217C4-178C-4817-A723-C65933168AC6} = {97385C39-541B-451A-8B9C-D41FEDC07CE5}
		{CE44674F-CB2B-4848-B8EC-CED8D3EB5E83} = {97385C39-541B-451A-8B9C-D41FEDC07CE5}
		{690103F4-7922-4CBB-BF02-86122941F77B} = {97385C39-541B-451A-8B9C-D41FEDC07CE5}
		{BBABEEFD-6F05-4C2C-8252-EC0398A0673A} = {A4A217C4-178C-4817-A723-C65933168AC6}
	EndGlobalSection
	GlobalSection(ExtensibilityGlobals) = postSolution
		SolutionGuid = {D332B1CD-7CC3-47D8-BC02-18598D5AF80F}
	EndGlobalSection
EndGlobal
